
Microsoft Visual Studio Solution File, Format Version 12.00
# Visual Studio 2012
Project("{E24C65DC-7377-472B-9ABA-BC803B73C61A}") = "csim.github.io", ".", "{CDF6BEBD-F7AB-40F4-BB2E-3ABF2CF702ED}"
	ProjectSection(WebsiteProperties) = preProject
		TargetFrameworkMoniker = ".NETFramework,Version%3Dv4.0"
		Debug.AspNetCompiler.VirtualPath = "/csim.github.io"
		Debug.AspNetCompiler.PhysicalPath = "..\csim.github.io\"
		Debug.AspNetCompiler.TargetPath = "PrecompiledWeb\csim.github.io\"
		Debug.AspNetCompiler.Updateable = "true"
		Debug.AspNetCompiler.ForceOverwrite = "true"
		Debug.AspNetCompiler.FixedNames = "false"
		Debug.AspNetCompiler.Debug = "True"
		Release.AspNetCompiler.VirtualPath = "/csim.github.io"
		Release.AspNetCompiler.PhysicalPath = "..\csim.github.io\"
		Release.AspNetCompiler.TargetPath = "PrecompiledWeb\csim.github.io\"
		Release.AspNetCompiler.Updateable = "true"
		Release.AspNetCompiler.ForceOverwrite = "true"
		Release.AspNetCompiler.FixedNames = "false"
		Release.AspNetCompiler.Debug = "False"
		VWDPort = "47081"
	EndProjectSection
EndProject
Global
	GlobalSection(SolutionConfigurationPlatforms) = preSolution
		Debug|Any CPU = Debug|Any CPU
	EndGlobalSection
	GlobalSection(ProjectConfigurationPlatforms) = postSolution
		{CDF6BEBD-F7AB-40F4-BB2E-3ABF2CF702ED}.Debug|Any CPU.ActiveCfg = Debug|Any CPU
		{CDF6BEBD-F7AB-40F4-BB2E-3ABF2CF702ED}.Debug|Any CPU.Build.0 = Debug|Any CPU
	EndGlobalSection
	GlobalSection(SolutionProperties) = preSolution
		HideSolutionNode = FALSE
	EndGlobalSection
EndGlobal
